
Microsoft Visual Studio Solution File, Format Version 12.00
# Visual Studio Version 16
VisualStudioVersion = 16.0.30621.155
MinimumVisualStudioVersion = 10.0.40219.1
Project("{9A19103F-16F7-4668-BE54-9A1E7A4F7556}") = "01. Count Real Numbers", "01. Count Real Numbers\01. Count Real Numbers.csproj", "{F3B09CF9-3B4C-4C95-9A2F-F827C391A020}"
EndProject
Project("{9A19103F-16F7-4668-BE54-9A1E7A4F7556}") = "02. Odd Occurrences", "02. Odd Occurrences\02. Odd Occurrences.csproj", "{DBAFF1BF-970E-4361-9CEE-13A8BC9050C9}"
EndProject
Project("{9A19103F-16F7-4668-BE54-9A1E7A4F7556}") = "03. Word Synonyms", "03. Word Synonyms\03. Word Synonyms.csproj", "{091D6050-F251-4152-9A3B-A0D858A85FA7}"
EndProject
Project("{9A19103F-16F7-4668-BE54-9A1E7A4F7556}") = "04. Largest 3 Numbers", "04. Largest 3 Numbers\04. Largest 3 Numbers.csproj", "{C82613C1-24F3-4402-A719-31B0196DBC00}"
EndProject
Project("{9A19103F-16F7-4668-BE54-9A1E7A4F7556}") = "05. Word Filter", "05. Word Filter\05. Word Filter.csproj", "{5024A638-C08E-4922-A3A3-CB047FCF1B12}"
EndProject
Global
	GlobalSection(SolutionConfigurationPlatforms) = preSolution
		Debug|Any CPU = Debug|Any CPU
		Release|Any CPU = Release|Any CPU
	EndGlobalSection
	GlobalSection(ProjectConfigurationPlatforms) = postSolution
		{F3B09CF9-3B4C-4C95-9A2F-F827C391A020}.Debug|Any CPU.ActiveCfg = Debug|Any CPU
		{F3B09CF9-3B4C-4C95-9A2F-F827C391A020}.Debug|Any CPU.Build.0 = Debug|Any CPU
		{F3B09CF9-3B4C-4C95-9A2F-F827C391A020}.Release|Any CPU.ActiveCfg = Release|Any CPU
		{F3B09CF9-3B4C-4C95-9A2F-F827C391A020}.Release|Any CPU.Build.0 = Release|Any CPU
		{DBAFF1BF-970E-4361-9CEE-13A8BC9050C9}.Debug|Any CPU.ActiveCfg = Debug|Any CPU
		{DBAFF1BF-970E-4361-9CEE-13A8BC9050C9}.Debug|Any CPU.Build.0 = Debug|Any CPU
		{DBAFF1BF-970E-4361-9CEE-13A8BC9050C9}.Release|Any CPU.ActiveCfg = Release|Any CPU
		{DBAFF1BF-970E-4361-9CEE-13A8BC9050C9}.Release|Any CPU.Build.0 = Release|Any CPU
		{091D6050-F251-4152-9A3B-A0D858A85FA7}.Debug|Any CPU.ActiveCfg = Debug|Any CPU
		{091D6050-F251-4152-9A3B-A0D858A85FA7}.Debug|Any CPU.Build.0 = Debug|Any CPU
		{091D6050-F251-4152-9A3B-A0D858A85FA7}.Release|Any CPU.ActiveCfg = Release|Any CPU
		{091D6050-F251-4152-9A3B-A0D858A85FA7}.Release|Any CPU.Build.0 = Release|Any CPU
		{C82613C1-24F3-4402-A719-31B0196DBC00}.Debug|Any CPU.ActiveCfg = Debug|Any CPU
		{C82613C1-24F3-4402-A719-31B0196DBC00}.Debug|Any CPU.Build.0 = Debug|Any CPU
		{C82613C1-24F3-4402-A719-31B0196DBC00}.Release|Any CPU.ActiveCfg = Release|Any CPU
		{C82613C1-24F3-4402-A719-31B0196DBC00}.Release|Any CPU.Build.0 = Release|Any CPU
		{5024A638-C08E-4922-A3A3-CB047FCF1B12}.Debug|Any CPU.ActiveCfg = Debug|Any CPU
		{5024A638-C08E-4922-A3A3-CB047FCF1B12}.Debug|Any CPU.Build.0 = Debug|Any CPU
		{5024A638-C08E-4922-A3A3-CB047FCF1B12}.Release|Any CPU.ActiveCfg = Release|Any CPU
		{5024A638-C08E-4922-A3A3-CB047FCF1B12}.Release|Any CPU.Build.0 = Release|Any CPU
	EndGlobalSection
	GlobalSection(SolutionProperties) = preSolution
		HideSolutionNode = FALSE
	EndGlobalSection
	GlobalSection(ExtensibilityGlobals) = postSolution
		SolutionGuid = {183829DA-6145-4B19-9432-609335D8D22D}
	EndGlobalSection
EndGlobal
